
Microsoft Visual Studio Solution File, Format Version 12.00
# Visual Studio 15
Project("{FAE04EC0-301F-11D3-BF4B-00C04F79EFBC}") = "RegionalVIC", "RegionalVIC.csproj", "{37DCFD75-BDF2-4C1E-9545-3FFC382D4681}"
EndProject
Global
	GlobalSection(SolutionConfigurationPlatforms) = preSolution
		Debug|Any CPU = Debug|Any CPU
		Release|Any CPU = Release|Any CPU
	EndGlobalSection
	GlobalSection(ProjectConfigurationPlatforms) = postSolution
		{37DCFD75-BDF2-4C1E-9545-3FFC382D4681}.Debug|Any CPU.ActiveCfg = Debug|Any CPU
		{37DCFD75-BDF2-4C1E-9545-3FFC382D4681}.Debug|Any CPU.Build.0 = Debug|Any CPU
		{37DCFD75-BDF2-4C1E-9545-3FFC382D4681}.Release|Any CPU.ActiveCfg = Release|Any CPU
		{37DCFD75-BDF2-4C1E-9545-3FFC382D4681}.Release|Any CPU.Build.0 = Release|Any CPU
	EndGlobalSection
EndGlobal
